{
  "name": "nepali-datepicker-with-jquery-modal",
  "version": "1.0.0",
  "lockfileVersion": 1,
  "requires": true,
  "dependencies": {
    "@sajanm/nepali-date-picker": {
      "version": "3.6.0",
      "resolved": "https://registry.npmjs.org/@sajanm/nepali-date-picker/-/nepali-date-picker-3.6.0.tgz",
      "integrity": "sha512-wDCQUKkma+8z2q0u1Qm+NWlkT9onrvGhpXhvQHrfYTHn0Z1fi1l5R0/VoOORqeqrr32X4XS5cVUokgsrv1XU8A=="
    },
    "bootstrap": {
      "version": "5.0.1",
      "resolved": "https://registry.npmjs.org/bootstrap/-/bootstrap-5.0.1.tgz",
      "integrity": "sha512-Fl79+wsLOZKoiU345KeEaWD0ik8WKRI5zm0YSPj2oF1Qr+BO7z0fco6GbUtqjoG1h4VI89PeKJnMsMMVQdKKTw=="
    },
    "jQuery": {
      "version": "1.7.4",
      "resolved": "https://registry.npmjs.org/jQuery/-/jQuery-1.7.4.tgz",
      "integrity": "sha1-8y3FyFpwRO6GS0RDue5F+UeLoTc="
    }
  }
}
